
Microsoft Visual Studio Solution File, Format Version 12.00
# Visual Studio 2013
VisualStudioVersion = 12.0.31101.0
MinimumVisualStudioVersion = 10.0.40219.1
Project("{FAE04EC0-301F-11D3-BF4B-00C04F79EFBC}") = "Data.HashFunction.Test", "Test\Data.HashFunction.Test.csproj", "{FFCE0E36-1B66-4C8D-803E-A28754A7D4E4}"
EndProject
Project("{FAE04EC0-301F-11D3-BF4B-00C04F79EFBC}") = "Data.HashFunction.Jenkins", "Jenkins\Data.HashFunction.Jenkins.csproj", "{43F16B99-6F01-4FE8-B030-897CBAE5A8DF}"
EndProject
Project("{FAE04EC0-301F-11D3-BF4B-00C04F79EFBC}") = "Data.HashFunction.SpookyHash", "SpookyHash\Data.HashFunction.SpookyHash.csproj", "{DF59CC7D-D731-4A78-B90E-ADCDC25EF48A}"
EndProject
Project("{FAE04EC0-301F-11D3-BF4B-00C04F79EFBC}") = "Data.HashFunction.MurmurHash", "MurmurHash\Data.HashFunction.MurmurHash.csproj", "{7B21E479-6D8C-4B57-A2E0-A030825CB382}"
EndProject
Project("{FAE04EC0-301F-11D3-BF4B-00C04F79EFBC}") = "Data.HashFunction.CityHash", "CityHash\Data.HashFunction.CityHash.csproj", "{0026AA91-4A24-4419-B96D-A808EE65706E}"
EndProject
Project("{2150E333-8FDC-42A3-9474-1A3956D46DE8}") = "Shared", "Shared", "{D0A9A68F-2401-42E4-A6E7-D9FF9F080197}"
	ProjectSection(SolutionItems) = preProject
		BuildMultipleFrameworks.props = BuildMultipleFrameworks.props
		BuildMultipleFrameworks.targets = BuildMultipleFrameworks.targets
		Data.HashFunction.Production.pfx = Data.HashFunction.Production.pfx
		Invoke-MsBuild.psm1 = Invoke-MsBuild.psm1
		NuGetPackAll.ps1 = NuGetPackAll.ps1
		SolutionInfo.cs = SolutionInfo.cs
	EndProjectSection
EndProject
Project("{FAE04EC0-301F-11D3-BF4B-00C04F79EFBC}") = "Data.HashFunction.Pearson", "Pearson\Data.HashFunction.Pearson.csproj", "{6828ADDA-B5C8-49F4-A40F-C60B0F309165}"
EndProject
Project("{FAE04EC0-301F-11D3-BF4B-00C04F79EFBC}") = "Data.HashFunction.FNV", "FNV\Data.HashFunction.FNV.csproj", "{4586F5C8-93B9-4DC6-894A-1120B8DEE175}"
EndProject
Project("{FAE04EC0-301F-11D3-BF4B-00C04F79EFBC}") = "Data.HashFunction.BuzHash", "Buzhash\Data.HashFunction.BuzHash.csproj", "{A1F9BE6A-F321-4CC5-BE2C-40FF2C5222FB}"
EndProject
Project("{FAE04EC0-301F-11D3-BF4B-00C04F79EFBC}") = "Data.HashFunction.BernsteinHash", "BernsteinHash\Data.HashFunction.BernsteinHash.csproj", "{CAD4A025-D79C-4FD5-B72C-B29F0B87880D}"
EndProject
Project("{FAE04EC0-301F-11D3-BF4B-00C04F79EFBC}") = "Data.HashFunction.xxHash", "xxHash\Data.HashFunction.xxHash.csproj", "{C22E1F37-5D18-4E15-9FC9-B3B043468680}"
EndProject
Project("{FAE04EC0-301F-11D3-BF4B-00C04F79EFBC}") = "Data.HashFunction.Core", "Core\Data.HashFunction.Core.csproj", "{D8268071-2147-4364-9803-ED0921246899}"
EndProject
Project("{FAE04EC0-301F-11D3-BF4B-00C04F79EFBC}") = "Data.HashFunction.ELF64", "ELF64\Data.HashFunction.ELF64.csproj", "{5644704B-272E-41EE-9A70-FED7C40205D1}"
EndProject
Project("{FAE04EC0-301F-11D3-BF4B-00C04F79EFBC}") = "Data.HashFunction.CRC", "CRC\Data.HashFunction.CRC.csproj", "{FC9C9416-A84D-4087-8F54-065DBC3D4C23}"
EndProject
Project("{FAE04EC0-301F-11D3-BF4B-00C04F79EFBC}") = "Data.HashFunction.Blake2", "Blake2\Data.HashFunction.Blake2.csproj", "{5FBB51F5-3DEF-4946-BFA4-BFF721434FCA}"
EndProject
Global
	GlobalSection(SolutionConfigurationPlatforms) = preSolution
		Debug|Any CPU = Debug|Any CPU
		NuGetDeploy|Any CPU = NuGetDeploy|Any CPU
		Release|Any CPU = Release|Any CPU
	EndGlobalSection
	GlobalSection(ProjectConfigurationPlatforms) = postSolution
		{FFCE0E36-1B66-4C8D-803E-A28754A7D4E4}.Debug|Any CPU.ActiveCfg = Debug|Any CPU
		{FFCE0E36-1B66-4C8D-803E-A28754A7D4E4}.Debug|Any CPU.Build.0 = Debug|Any CPU
		{FFCE0E36-1B66-4C8D-803E-A28754A7D4E4}.NuGetDeploy|Any CPU.ActiveCfg = NuGetDeploy|Any CPU
		{FFCE0E36-1B66-4C8D-803E-A28754A7D4E4}.NuGetDeploy|Any CPU.Build.0 = NuGetDeploy|Any CPU
		{FFCE0E36-1B66-4C8D-803E-A28754A7D4E4}.Release|Any CPU.ActiveCfg = Release|Any CPU
		{FFCE0E36-1B66-4C8D-803E-A28754A7D4E4}.Release|Any CPU.Build.0 = Release|Any CPU
		{43F16B99-6F01-4FE8-B030-897CBAE5A8DF}.Debug|Any CPU.ActiveCfg = Debug|Any CPU
		{43F16B99-6F01-4FE8-B030-897CBAE5A8DF}.Debug|Any CPU.Build.0 = Debug|Any CPU
		{43F16B99-6F01-4FE8-B030-897CBAE5A8DF}.NuGetDeploy|Any CPU.ActiveCfg = NuGetDeploy|Any CPU
		{43F16B99-6F01-4FE8-B030-897CBAE5A8DF}.NuGetDeploy|Any CPU.Build.0 = NuGetDeploy|Any CPU
		{43F16B99-6F01-4FE8-B030-897CBAE5A8DF}.Release|Any CPU.ActiveCfg = Release|Any CPU
		{43F16B99-6F01-4FE8-B030-897CBAE5A8DF}.Release|Any CPU.Build.0 = Release|Any CPU
		{DF59CC7D-D731-4A78-B90E-ADCDC25EF48A}.Debug|Any CPU.ActiveCfg = Debug|Any CPU
		{DF59CC7D-D731-4A78-B90E-ADCDC25EF48A}.Debug|Any CPU.Build.0 = Debug|Any CPU
		{DF59CC7D-D731-4A78-B90E-ADCDC25EF48A}.NuGetDeploy|Any CPU.ActiveCfg = NuGetDeploy|Any CPU
		{DF59CC7D-D731-4A78-B90E-ADCDC25EF48A}.NuGetDeploy|Any CPU.Build.0 = NuGetDeploy|Any CPU
		{DF59CC7D-D731-4A78-B90E-ADCDC25EF48A}.Release|Any CPU.ActiveCfg = Release|Any CPU
		{DF59CC7D-D731-4A78-B90E-ADCDC25EF48A}.Release|Any CPU.Build.0 = Release|Any CPU
		{7B21E479-6D8C-4B57-A2E0-A030825CB382}.Debug|Any CPU.ActiveCfg = Debug|Any CPU
		{7B21E479-6D8C-4B57-A2E0-A030825CB382}.Debug|Any CPU.Build.0 = Debug|Any CPU
		{7B21E479-6D8C-4B57-A2E0-A030825CB382}.NuGetDeploy|Any CPU.ActiveCfg = NuGetDeploy|Any CPU
		{7B21E479-6D8C-4B57-A2E0-A030825CB382}.NuGetDeploy|Any CPU.Build.0 = NuGetDeploy|Any CPU
		{7B21E479-6D8C-4B57-A2E0-A030825CB382}.Release|Any CPU.ActiveCfg = Release|Any CPU
		{7B21E479-6D8C-4B57-A2E0-A030825CB382}.Release|Any CPU.Build.0 = Release|Any CPU
		{0026AA91-4A24-4419-B96D-A808EE65706E}.Debug|Any CPU.ActiveCfg = Debug|Any CPU
		{0026AA91-4A24-4419-B96D-A808EE65706E}.Debug|Any CPU.Build.0 = Debug|Any CPU
		{0026AA91-4A24-4419-B96D-A808EE65706E}.NuGetDeploy|Any CPU.ActiveCfg = NuGetDeploy|Any CPU
		{0026AA91-4A24-4419-B96D-A808EE65706E}.NuGetDeploy|Any CPU.Build.0 = NuGetDeploy|Any CPU
		{0026AA91-4A24-4419-B96D-A808EE65706E}.Release|Any CPU.ActiveCfg = Release|Any CPU
		{0026AA91-4A24-4419-B96D-A808EE65706E}.Release|Any CPU.Build.0 = Release|Any CPU
		{6828ADDA-B5C8-49F4-A40F-C60B0F309165}.Debug|Any CPU.ActiveCfg = Debug|Any CPU
		{6828ADDA-B5C8-49F4-A40F-C60B0F309165}.Debug|Any CPU.Build.0 = Debug|Any CPU
		{6828ADDA-B5C8-49F4-A40F-C60B0F309165}.NuGetDeploy|Any CPU.ActiveCfg = NuGetDeploy|Any CPU
		{6828ADDA-B5C8-49F4-A40F-C60B0F309165}.NuGetDeploy|Any CPU.Build.0 = NuGetDeploy|Any CPU
		{6828ADDA-B5C8-49F4-A40F-C60B0F309165}.Release|Any CPU.ActiveCfg = Release|Any CPU
		{6828ADDA-B5C8-49F4-A40F-C60B0F309165}.Release|Any CPU.Build.0 = Release|Any CPU
		{4586F5C8-93B9-4DC6-894A-1120B8DEE175}.Debug|Any CPU.ActiveCfg = Debug|Any CPU
		{4586F5C8-93B9-4DC6-894A-1120B8DEE175}.Debug|Any CPU.Build.0 = Debug|Any CPU
		{4586F5C8-93B9-4DC6-894A-1120B8DEE175}.NuGetDeploy|Any CPU.ActiveCfg = NuGetDeploy|Any CPU
		{4586F5C8-93B9-4DC6-894A-1120B8DEE175}.NuGetDeploy|Any CPU.Build.0 = NuGetDeploy|Any CPU
		{4586F5C8-93B9-4DC6-894A-1120B8DEE175}.Release|Any CPU.ActiveCfg = Release|Any CPU
		{4586F5C8-93B9-4DC6-894A-1120B8DEE175}.Release|Any CPU.Build.0 = Release|Any CPU
		{A1F9BE6A-F321-4CC5-BE2C-40FF2C5222FB}.Debug|Any CPU.ActiveCfg = Debug|Any CPU
		{A1F9BE6A-F321-4CC5-BE2C-40FF2C5222FB}.Debug|Any CPU.Build.0 = Debug|Any CPU
		{A1F9BE6A-F321-4CC5-BE2C-40FF2C5222FB}.NuGetDeploy|Any CPU.ActiveCfg = NuGetDeploy|Any CPU
		{A1F9BE6A-F321-4CC5-BE2C-40FF2C5222FB}.NuGetDeploy|Any CPU.Build.0 = NuGetDeploy|Any CPU
		{A1F9BE6A-F321-4CC5-BE2C-40FF2C5222FB}.Release|Any CPU.ActiveCfg = Release|Any CPU
		{A1F9BE6A-F321-4CC5-BE2C-40FF2C5222FB}.Release|Any CPU.Build.0 = Release|Any CPU
		{CAD4A025-D79C-4FD5-B72C-B29F0B87880D}.Debug|Any CPU.ActiveCfg = Debug|Any CPU
		{CAD4A025-D79C-4FD5-B72C-B29F0B87880D}.Debug|Any CPU.Build.0 = Debug|Any CPU
		{CAD4A025-D79C-4FD5-B72C-B29F0B87880D}.NuGetDeploy|Any CPU.ActiveCfg = NuGetDeploy|Any CPU
		{CAD4A025-D79C-4FD5-B72C-B29F0B87880D}.NuGetDeploy|Any CPU.Build.0 = NuGetDeploy|Any CPU
		{CAD4A025-D79C-4FD5-B72C-B29F0B87880D}.Release|Any CPU.ActiveCfg = Release|Any CPU
		{CAD4A025-D79C-4FD5-B72C-B29F0B87880D}.Release|Any CPU.Build.0 = Release|Any CPU
		{C22E1F37-5D18-4E15-9FC9-B3B043468680}.Debug|Any CPU.ActiveCfg = Debug|Any CPU
		{C22E1F37-5D18-4E15-9FC9-B3B043468680}.Debug|Any CPU.Build.0 = Debug|Any CPU
		{C22E1F37-5D18-4E15-9FC9-B3B043468680}.NuGetDeploy|Any CPU.ActiveCfg = NuGetDeploy|Any CPU
		{C22E1F37-5D18-4E15-9FC9-B3B043468680}.NuGetDeploy|Any CPU.Build.0 = NuGetDeploy|Any CPU
		{C22E1F37-5D18-4E15-9FC9-B3B043468680}.Release|Any CPU.ActiveCfg = Release|Any CPU
		{C22E1F37-5D18-4E15-9FC9-B3B043468680}.Release|Any CPU.Build.0 = Release|Any CPU
		{D8268071-2147-4364-9803-ED0921246899}.Debug|Any CPU.ActiveCfg = Debug|Any CPU
		{D8268071-2147-4364-9803-ED0921246899}.Debug|Any CPU.Build.0 = Debug|Any CPU
		{D8268071-2147-4364-9803-ED0921246899}.NuGetDeploy|Any CPU.ActiveCfg = NuGetDeploy|Any CPU
		{D8268071-2147-4364-9803-ED0921246899}.NuGetDeploy|Any CPU.Build.0 = NuGetDeploy|Any CPU
		{D8268071-2147-4364-9803-ED0921246899}.Release|Any CPU.ActiveCfg = Release|Any CPU
		{D8268071-2147-4364-9803-ED0921246899}.Release|Any CPU.Build.0 = Release|Any CPU
		{5644704B-272E-41EE-9A70-FED7C40205D1}.Debug|Any CPU.ActiveCfg = Debug|Any CPU
		{5644704B-272E-41EE-9A70-FED7C40205D1}.Debug|Any CPU.Build.0 = Debug|Any CPU
		{5644704B-272E-41EE-9A70-FED7C40205D1}.NuGetDeploy|Any CPU.ActiveCfg = NuGetDeploy|Any CPU
		{5644704B-272E-41EE-9A70-FED7C40205D1}.NuGetDeploy|Any CPU.Build.0 = NuGetDeploy|Any CPU
		{5644704B-272E-41EE-9A70-FED7C40205D1}.Release|Any CPU.ActiveCfg = Release|Any CPU
		{5644704B-272E-41EE-9A70-FED7C40205D1}.Release|Any CPU.Build.0 = Release|Any CPU
		{FC9C9416-A84D-4087-8F54-065DBC3D4C23}.Debug|Any CPU.ActiveCfg = Debug|Any CPU
		{FC9C9416-A84D-4087-8F54-065DBC3D4C23}.Debug|Any CPU.Build.0 = Debug|Any CPU
		{FC9C9416-A84D-4087-8F54-065DBC3D4C23}.NuGetDeploy|Any CPU.ActiveCfg = NuGetDeploy|Any CPU
		{FC9C9416-A84D-4087-8F54-065DBC3D4C23}.NuGetDeploy|Any CPU.Build.0 = NuGetDeploy|Any CPU
		{FC9C9416-A84D-4087-8F54-065DBC3D4C23}.Release|Any CPU.ActiveCfg = Release|Any CPU
		{FC9C9416-A84D-4087-8F54-065DBC3D4C23}.Release|Any CPU.Build.0 = Release|Any CPU
		{5FBB51F5-3DEF-4946-BFA4-BFF721434FCA}.Debug|Any CPU.ActiveCfg = Debug|Any CPU
		{5FBB51F5-3DEF-4946-BFA4-BFF721434FCA}.Debug|Any CPU.Build.0 = Debug|Any CPU
		{5FBB51F5-3DEF-4946-BFA4-BFF721434FCA}.NuGetDeploy|Any CPU.ActiveCfg = NuGetDeploy|Any CPU
		{5FBB51F5-3DEF-4946-BFA4-BFF721434FCA}.NuGetDeploy|Any CPU.Build.0 = NuGetDeploy|Any CPU
		{5FBB51F5-3DEF-4946-BFA4-BFF721434FCA}.Release|Any CPU.ActiveCfg = Release|Any CPU
		{5FBB51F5-3DEF-4946-BFA4-BFF721434FCA}.Release|Any CPU.Build.0 = Release|Any CPU
	EndGlobalSection
	GlobalSection(SolutionProperties) = preSolution
		HideSolutionNode = FALSE
	EndGlobalSection
EndGlobal
