
Microsoft Visual Studio Solution File, Format Version 12.00
# Visual Studio 14
VisualStudioVersion = 14.0.25420.1
MinimumVisualStudioVersion = 10.0.40219.1
Project("{2150E333-8FDC-42A3-9474-1A3956D46DE8}") = "Shared", "Shared", "{D0A9A68F-2401-42E4-A6E7-D9FF9F080197}"
	ProjectSection(SolutionItems) = preProject
		..\appveyor.production.yml = ..\appveyor.production.yml
		..\appveyor.yml = ..\appveyor.yml
		Data.HashFunction.runsettings = Data.HashFunction.runsettings
		SolutionInfo.cs = SolutionInfo.cs
	EndProjectSection
EndProject
Project("{2150E333-8FDC-42A3-9474-1A3956D46DE8}") = ".nuget", ".nuget", "{7889B206-313E-43CF-B4FD-8250275155C6}"
	ProjectSection(SolutionItems) = preProject
		.nuget\packages.config = .nuget\packages.config
	EndProjectSection
EndProject
Project("{8BB2217D-0F2D-49D1-97BC-3654ED321F3B}") = "System.Data.HashFunction.Interfaces", "System.Data.HashFunction.Interfaces\System.Data.HashFunction.Interfaces.xproj", "{58B4D4D3-90EC-4F34-8C8F-E57DABD859CF}"
EndProject
Project("{8BB2217D-0F2D-49D1-97BC-3654ED321F3B}") = "System.Data.HashFunction.Core", "System.Data.HashFunction.Core\System.Data.HashFunction.Core.xproj", "{FCD2D38D-5A85-425E-952C-969A95395E1E}"
EndProject
Project("{8BB2217D-0F2D-49D1-97BC-3654ED321F3B}") = "System.Data.HashFunction.BernsteinHash", "System.Data.HashFunction.BernsteinHash\System.Data.HashFunction.BernsteinHash.xproj", "{6BC9E1F2-B802-4ED9-92E6-E12C1D9840BC}"
EndProject
Project("{8BB2217D-0F2D-49D1-97BC-3654ED321F3B}") = "System.Data.HashFunction.Blake2", "System.Data.HashFunction.Blake2\System.Data.HashFunction.Blake2.xproj", "{C41485CB-8446-4F3C-995E-A3121249A668}"
EndProject
Project("{8BB2217D-0F2D-49D1-97BC-3654ED321F3B}") = "System.Data.HashFunction.BuzHash", "System.Data.HashFunction.BuzHash\System.Data.HashFunction.BuzHash.xproj", "{23BD0A7E-1B5A-49F6-B98D-B45CF5F6DE87}"
EndProject
Project("{8BB2217D-0F2D-49D1-97BC-3654ED321F3B}") = "System.Data.HashFunction.CityHash", "System.Data.HashFunction.CityHash\System.Data.HashFunction.CityHash.xproj", "{7B02E48B-A8BD-4BA9-81D9-CF9D99E41863}"
EndProject
Project("{8BB2217D-0F2D-49D1-97BC-3654ED321F3B}") = "System.Data.HashFunction.CRC", "System.Data.HashFunction.CRC\System.Data.HashFunction.CRC.xproj", "{430008BB-7973-40D6-87A5-36F9DE82854E}"
EndProject
Project("{8BB2217D-0F2D-49D1-97BC-3654ED321F3B}") = "System.Data.HashFunction.ELF64", "System.Data.HashFunction.ELF64\System.Data.HashFunction.ELF64.xproj", "{5B210687-E8B4-4BC4-A65D-3E504212C207}"
EndProject
Project("{8BB2217D-0F2D-49D1-97BC-3654ED321F3B}") = "System.Data.HashFunction.FNV", "System.Data.HashFunction.FNV\System.Data.HashFunction.FNV.xproj", "{B1C242A6-9A88-4BFC-A75E-F20E29F8F3D6}"
EndProject
Project("{8BB2217D-0F2D-49D1-97BC-3654ED321F3B}") = "System.Data.HashFunction.Jenkins", "System.Data.HashFunction.Jenkins\System.Data.HashFunction.Jenkins.xproj", "{D93196A6-0525-4E49-81C8-29CB694E26B6}"
EndProject
Project("{8BB2217D-0F2D-49D1-97BC-3654ED321F3B}") = "System.Data.HashFunction.MurmurHash", "System.Data.HashFunction.MurmurHash\System.Data.HashFunction.MurmurHash.xproj", "{51D02F05-0557-4586-8288-5FF95D89FD3E}"
EndProject
Project("{8BB2217D-0F2D-49D1-97BC-3654ED321F3B}") = "System.Data.HashFunction.Pearson", "System.Data.HashFunction.Pearson\System.Data.HashFunction.Pearson.xproj", "{FB716555-104D-4F62-9A8F-DF915378B52F}"
EndProject
Project("{8BB2217D-0F2D-49D1-97BC-3654ED321F3B}") = "System.Data.HashFunction.SpookyHash", "System.Data.HashFunction.SpookyHash\System.Data.HashFunction.SpookyHash.xproj", "{E3B6C41C-F55D-4980-9E12-00BAEF1D26F5}"
EndProject
Project("{8BB2217D-0F2D-49D1-97BC-3654ED321F3B}") = "System.Data.HashFunction.Test", "System.Data.HashFunction.Test\System.Data.HashFunction.Test.xproj", "{CEC9E70A-A7A6-49B1-A10D-521FED0FD47D}"
EndProject
Project("{8BB2217D-0F2D-49D1-97BC-3654ED321F3B}") = "System.Data.HashFunction.xxHash", "System.Data.HashFunction.xxHash\System.Data.HashFunction.xxHash.xproj", "{048E84BE-B266-453C-96B9-D4AAAD5ABF34}"
EndProject
Project("{8BB2217D-0F2D-49D1-97BC-3654ED321F3B}") = "System.Data.HashFunction.HashAlgorithm", "System.Data.HashFunction.HashAlgorithm\System.Data.HashFunction.HashAlgorithm.xproj", "{89C43129-57DC-445C-9521-5C7A6011A878}"
EndProject
Project("{2150E333-8FDC-42A3-9474-1A3956D46DE8}") = "build", "build", "{FED52411-2DD2-45DC-ADF9-CA07424CC074}"
	ProjectSection(SolutionItems) = preProject
		..\build\build-configuration.ps1 = ..\build\build-configuration.ps1
		..\build\build.ps1 = ..\build\build.ps1
	EndProjectSection
EndProject
Project("{8BB2217D-0F2D-49D1-97BC-3654ED321F3B}") = "System.Data.HashFunction.Core.Net40Async", "System.Data.HashFunction.Core.Net40Async\System.Data.HashFunction.Core.Net40Async.xproj", "{A22B18AE-37C2-4B47-BD02-F4CE25BFB34C}"
EndProject
Project("{8BB2217D-0F2D-49D1-97BC-3654ED321F3B}") = "System.Data.HashFunction.CRC.Net40Async", "System.Data.HashFunction.CRC.Net40Async\System.Data.HashFunction.CRC.Net40Async.xproj", "{E801B9B4-4B73-4646-8268-C5BD0E2C5DAB}"
EndProject
Project("{8BB2217D-0F2D-49D1-97BC-3654ED321F3B}") = "System.Data.HashFunction.BernsteinHash.Net40Async", "System.Data.HashFunction.BernsteinHash.Net40Async\System.Data.HashFunction.BernsteinHash.Net40Async.xproj", "{3D897912-2C81-4892-B3D6-D6B4E5AC34D1}"
EndProject
Project("{8BB2217D-0F2D-49D1-97BC-3654ED321F3B}") = "System.Data.HashFunction.Blake2.Net40Async", "System.Data.HashFunction.Blake2.Net40Async\System.Data.HashFunction.Blake2.Net40Async.xproj", "{BD988BAC-D6D3-458E-A392-DBF0CDAB49A7}"
EndProject
Project("{8BB2217D-0F2D-49D1-97BC-3654ED321F3B}") = "System.Data.HashFunction.BuzHash.Net40Async", "System.Data.HashFunction.BuzHash.Net40Async\System.Data.HashFunction.BuzHash.Net40Async.xproj", "{BF71C7FA-6356-4DD6-9B08-62B465FB5F36}"
EndProject
Project("{8BB2217D-0F2D-49D1-97BC-3654ED321F3B}") = "System.Data.HashFunction.CityHash.Net40Async", "System.Data.HashFunction.CityHash.Net40Async\System.Data.HashFunction.CityHash.Net40Async.xproj", "{5F332D31-5ED3-429C-8FFD-376F239D1EC0}"
EndProject
Project("{8BB2217D-0F2D-49D1-97BC-3654ED321F3B}") = "System.Data.HashFunction.ELF64.Net40Async", "System.Data.HashFunction.ELF64.Net40Async\System.Data.HashFunction.ELF64.Net40Async.xproj", "{4EE3840D-6C1D-485D-B8FB-CACF5CDB1694}"
EndProject
Project("{8BB2217D-0F2D-49D1-97BC-3654ED321F3B}") = "System.Data.HashFunction.FNV.Net40Async", "System.Data.HashFunction.FNV.Net40Async\System.Data.HashFunction.FNV.Net40Async.xproj", "{A13DD780-9E05-434F-9103-EA15FF72E4DF}"
EndProject
Project("{8BB2217D-0F2D-49D1-97BC-3654ED321F3B}") = "System.Data.HashFunction.HashAlgorithm.Net40Async", "System.Data.HashFunction.HashAlgorithm.Net40Async\System.Data.HashFunction.HashAlgorithm.Net40Async.xproj", "{5F10ECB0-7FE6-43C7-9A99-B5FD0F40B652}"
EndProject
Project("{8BB2217D-0F2D-49D1-97BC-3654ED321F3B}") = "System.Data.HashFunction.Jenkins.Net40Async", "System.Data.HashFunction.Jenkins.Net40Async\System.Data.HashFunction.Jenkins.Net40Async.xproj", "{AEB5FCAC-BBB5-48F1-B949-7D87CD4D2FF0}"
EndProject
Project("{8BB2217D-0F2D-49D1-97BC-3654ED321F3B}") = "System.Data.HashFunction.MurmurHash.Net40Async", "System.Data.HashFunction.MurmurHash.Net40Async\System.Data.HashFunction.MurmurHash.Net40Async.xproj", "{D49B0394-51D0-4E85-B494-2BAD79C02980}"
EndProject
Project("{8BB2217D-0F2D-49D1-97BC-3654ED321F3B}") = "System.Data.HashFunction.Pearson.Net40Async", "System.Data.HashFunction.Pearson.Net40Async\System.Data.HashFunction.Pearson.Net40Async.xproj", "{2F7821AE-3B05-4457-A761-B05AB91FBD41}"
EndProject
Project("{8BB2217D-0F2D-49D1-97BC-3654ED321F3B}") = "System.Data.HashFunction.SpookyHash.Net40Async", "System.Data.HashFunction.SpookyHash.Net40Async\System.Data.HashFunction.SpookyHash.Net40Async.xproj", "{AB6F380C-6450-4FFB-AE61-6759120F0359}"
EndProject
Project("{8BB2217D-0F2D-49D1-97BC-3654ED321F3B}") = "System.Data.HashFunction.Test.Net40Async", "System.Data.HashFunction.Test.Net40Async\System.Data.HashFunction.Test.Net40Async.xproj", "{BF17D816-ABE2-4BBB-8767-3BDFB5E11AB3}"
EndProject
Project("{8BB2217D-0F2D-49D1-97BC-3654ED321F3B}") = "System.Data.HashFunction.xxHash.Net40Async", "System.Data.HashFunction.xxHash.Net40Async\System.Data.HashFunction.xxHash.Net40Async.xproj", "{DA7EF365-2DC4-413D-9782-EEEBF9A29609}"
EndProject
Project("{8BB2217D-0F2D-49D1-97BC-3654ED321F3B}") = "System.Data.HashFunction.Test.Net451", "System.Data.HashFunction.Test.Net451\System.Data.HashFunction.Test.Net451.xproj", "{FC2BE8F2-85FA-4432-9229-E88FF9FF03FE}"
EndProject
Global
	GlobalSection(SolutionConfigurationPlatforms) = preSolution
		Debug|Any CPU = Debug|Any CPU
		Release|Any CPU = Release|Any CPU
	EndGlobalSection
	GlobalSection(ProjectConfigurationPlatforms) = postSolution
		{58B4D4D3-90EC-4F34-8C8F-E57DABD859CF}.Debug|Any CPU.ActiveCfg = Debug|Any CPU
		{58B4D4D3-90EC-4F34-8C8F-E57DABD859CF}.Debug|Any CPU.Build.0 = Debug|Any CPU
		{58B4D4D3-90EC-4F34-8C8F-E57DABD859CF}.Release|Any CPU.ActiveCfg = Release|Any CPU
		{58B4D4D3-90EC-4F34-8C8F-E57DABD859CF}.Release|Any CPU.Build.0 = Release|Any CPU
		{FCD2D38D-5A85-425E-952C-969A95395E1E}.Debug|Any CPU.ActiveCfg = Debug|Any CPU
		{FCD2D38D-5A85-425E-952C-969A95395E1E}.Debug|Any CPU.Build.0 = Debug|Any CPU
		{FCD2D38D-5A85-425E-952C-969A95395E1E}.Release|Any CPU.ActiveCfg = Release|Any CPU
		{FCD2D38D-5A85-425E-952C-969A95395E1E}.Release|Any CPU.Build.0 = Release|Any CPU
		{6BC9E1F2-B802-4ED9-92E6-E12C1D9840BC}.Debug|Any CPU.ActiveCfg = Debug|Any CPU
		{6BC9E1F2-B802-4ED9-92E6-E12C1D9840BC}.Debug|Any CPU.Build.0 = Debug|Any CPU
		{6BC9E1F2-B802-4ED9-92E6-E12C1D9840BC}.Release|Any CPU.ActiveCfg = Release|Any CPU
		{6BC9E1F2-B802-4ED9-92E6-E12C1D9840BC}.Release|Any CPU.Build.0 = Release|Any CPU
		{C41485CB-8446-4F3C-995E-A3121249A668}.Debug|Any CPU.ActiveCfg = Debug|Any CPU
		{C41485CB-8446-4F3C-995E-A3121249A668}.Debug|Any CPU.Build.0 = Debug|Any CPU
		{C41485CB-8446-4F3C-995E-A3121249A668}.Release|Any CPU.ActiveCfg = Release|Any CPU
		{C41485CB-8446-4F3C-995E-A3121249A668}.Release|Any CPU.Build.0 = Release|Any CPU
		{23BD0A7E-1B5A-49F6-B98D-B45CF5F6DE87}.Debug|Any CPU.ActiveCfg = Debug|Any CPU
		{23BD0A7E-1B5A-49F6-B98D-B45CF5F6DE87}.Debug|Any CPU.Build.0 = Debug|Any CPU
		{23BD0A7E-1B5A-49F6-B98D-B45CF5F6DE87}.Release|Any CPU.ActiveCfg = Release|Any CPU
		{23BD0A7E-1B5A-49F6-B98D-B45CF5F6DE87}.Release|Any CPU.Build.0 = Release|Any CPU
		{7B02E48B-A8BD-4BA9-81D9-CF9D99E41863}.Debug|Any CPU.ActiveCfg = Debug|Any CPU
		{7B02E48B-A8BD-4BA9-81D9-CF9D99E41863}.Debug|Any CPU.Build.0 = Debug|Any CPU
		{7B02E48B-A8BD-4BA9-81D9-CF9D99E41863}.Release|Any CPU.ActiveCfg = Release|Any CPU
		{7B02E48B-A8BD-4BA9-81D9-CF9D99E41863}.Release|Any CPU.Build.0 = Release|Any CPU
		{430008BB-7973-40D6-87A5-36F9DE82854E}.Debug|Any CPU.ActiveCfg = Debug|Any CPU
		{430008BB-7973-40D6-87A5-36F9DE82854E}.Debug|Any CPU.Build.0 = Debug|Any CPU
		{430008BB-7973-40D6-87A5-36F9DE82854E}.Release|Any CPU.ActiveCfg = Release|Any CPU
		{430008BB-7973-40D6-87A5-36F9DE82854E}.Release|Any CPU.Build.0 = Release|Any CPU
		{5B210687-E8B4-4BC4-A65D-3E504212C207}.Debug|Any CPU.ActiveCfg = Debug|Any CPU
		{5B210687-E8B4-4BC4-A65D-3E504212C207}.Debug|Any CPU.Build.0 = Debug|Any CPU
		{5B210687-E8B4-4BC4-A65D-3E504212C207}.Release|Any CPU.ActiveCfg = Release|Any CPU
		{5B210687-E8B4-4BC4-A65D-3E504212C207}.Release|Any CPU.Build.0 = Release|Any CPU
		{B1C242A6-9A88-4BFC-A75E-F20E29F8F3D6}.Debug|Any CPU.ActiveCfg = Debug|Any CPU
		{B1C242A6-9A88-4BFC-A75E-F20E29F8F3D6}.Debug|Any CPU.Build.0 = Debug|Any CPU
		{B1C242A6-9A88-4BFC-A75E-F20E29F8F3D6}.Release|Any CPU.ActiveCfg = Release|Any CPU
		{B1C242A6-9A88-4BFC-A75E-F20E29F8F3D6}.Release|Any CPU.Build.0 = Release|Any CPU
		{D93196A6-0525-4E49-81C8-29CB694E26B6}.Debug|Any CPU.ActiveCfg = Debug|Any CPU
		{D93196A6-0525-4E49-81C8-29CB694E26B6}.Debug|Any CPU.Build.0 = Debug|Any CPU
		{D93196A6-0525-4E49-81C8-29CB694E26B6}.Release|Any CPU.ActiveCfg = Release|Any CPU
		{D93196A6-0525-4E49-81C8-29CB694E26B6}.Release|Any CPU.Build.0 = Release|Any CPU
		{51D02F05-0557-4586-8288-5FF95D89FD3E}.Debug|Any CPU.ActiveCfg = Debug|Any CPU
		{51D02F05-0557-4586-8288-5FF95D89FD3E}.Debug|Any CPU.Build.0 = Debug|Any CPU
		{51D02F05-0557-4586-8288-5FF95D89FD3E}.Release|Any CPU.ActiveCfg = Release|Any CPU
		{51D02F05-0557-4586-8288-5FF95D89FD3E}.Release|Any CPU.Build.0 = Release|Any CPU
		{FB716555-104D-4F62-9A8F-DF915378B52F}.Debug|Any CPU.ActiveCfg = Debug|Any CPU
		{FB716555-104D-4F62-9A8F-DF915378B52F}.Debug|Any CPU.Build.0 = Debug|Any CPU
		{FB716555-104D-4F62-9A8F-DF915378B52F}.Release|Any CPU.ActiveCfg = Release|Any CPU
		{FB716555-104D-4F62-9A8F-DF915378B52F}.Release|Any CPU.Build.0 = Release|Any CPU
		{E3B6C41C-F55D-4980-9E12-00BAEF1D26F5}.Debug|Any CPU.ActiveCfg = Debug|Any CPU
		{E3B6C41C-F55D-4980-9E12-00BAEF1D26F5}.Debug|Any CPU.Build.0 = Debug|Any CPU
		{E3B6C41C-F55D-4980-9E12-00BAEF1D26F5}.Release|Any CPU.ActiveCfg = Release|Any CPU
		{E3B6C41C-F55D-4980-9E12-00BAEF1D26F5}.Release|Any CPU.Build.0 = Release|Any CPU
		{CEC9E70A-A7A6-49B1-A10D-521FED0FD47D}.Debug|Any CPU.ActiveCfg = Debug|Any CPU
		{CEC9E70A-A7A6-49B1-A10D-521FED0FD47D}.Debug|Any CPU.Build.0 = Debug|Any CPU
		{CEC9E70A-A7A6-49B1-A10D-521FED0FD47D}.Release|Any CPU.ActiveCfg = Release|Any CPU
		{CEC9E70A-A7A6-49B1-A10D-521FED0FD47D}.Release|Any CPU.Build.0 = Release|Any CPU
		{048E84BE-B266-453C-96B9-D4AAAD5ABF34}.Debug|Any CPU.ActiveCfg = Debug|Any CPU
		{048E84BE-B266-453C-96B9-D4AAAD5ABF34}.Debug|Any CPU.Build.0 = Debug|Any CPU
		{048E84BE-B266-453C-96B9-D4AAAD5ABF34}.Release|Any CPU.ActiveCfg = Release|Any CPU
		{048E84BE-B266-453C-96B9-D4AAAD5ABF34}.Release|Any CPU.Build.0 = Release|Any CPU
		{89C43129-57DC-445C-9521-5C7A6011A878}.Debug|Any CPU.ActiveCfg = Debug|Any CPU
		{89C43129-57DC-445C-9521-5C7A6011A878}.Debug|Any CPU.Build.0 = Debug|Any CPU
		{89C43129-57DC-445C-9521-5C7A6011A878}.Release|Any CPU.ActiveCfg = Release|Any CPU
		{89C43129-57DC-445C-9521-5C7A6011A878}.Release|Any CPU.Build.0 = Release|Any CPU
		{A22B18AE-37C2-4B47-BD02-F4CE25BFB34C}.Debug|Any CPU.ActiveCfg = Debug|Any CPU
		{A22B18AE-37C2-4B47-BD02-F4CE25BFB34C}.Debug|Any CPU.Build.0 = Debug|Any CPU
		{A22B18AE-37C2-4B47-BD02-F4CE25BFB34C}.Release|Any CPU.ActiveCfg = Release|Any CPU
		{A22B18AE-37C2-4B47-BD02-F4CE25BFB34C}.Release|Any CPU.Build.0 = Release|Any CPU
		{E801B9B4-4B73-4646-8268-C5BD0E2C5DAB}.Debug|Any CPU.ActiveCfg = Debug|Any CPU
		{E801B9B4-4B73-4646-8268-C5BD0E2C5DAB}.Debug|Any CPU.Build.0 = Debug|Any CPU
		{E801B9B4-4B73-4646-8268-C5BD0E2C5DAB}.Release|Any CPU.ActiveCfg = Release|Any CPU
		{E801B9B4-4B73-4646-8268-C5BD0E2C5DAB}.Release|Any CPU.Build.0 = Release|Any CPU
		{3D897912-2C81-4892-B3D6-D6B4E5AC34D1}.Debug|Any CPU.ActiveCfg = Debug|Any CPU
		{3D897912-2C81-4892-B3D6-D6B4E5AC34D1}.Debug|Any CPU.Build.0 = Debug|Any CPU
		{3D897912-2C81-4892-B3D6-D6B4E5AC34D1}.Release|Any CPU.ActiveCfg = Release|Any CPU
		{3D897912-2C81-4892-B3D6-D6B4E5AC34D1}.Release|Any CPU.Build.0 = Release|Any CPU
		{BD988BAC-D6D3-458E-A392-DBF0CDAB49A7}.Debug|Any CPU.ActiveCfg = Debug|Any CPU
		{BD988BAC-D6D3-458E-A392-DBF0CDAB49A7}.Debug|Any CPU.Build.0 = Debug|Any CPU
		{BD988BAC-D6D3-458E-A392-DBF0CDAB49A7}.Release|Any CPU.ActiveCfg = Release|Any CPU
		{BD988BAC-D6D3-458E-A392-DBF0CDAB49A7}.Release|Any CPU.Build.0 = Release|Any CPU
		{BF71C7FA-6356-4DD6-9B08-62B465FB5F36}.Debug|Any CPU.ActiveCfg = Debug|Any CPU
		{BF71C7FA-6356-4DD6-9B08-62B465FB5F36}.Debug|Any CPU.Build.0 = Debug|Any CPU
		{BF71C7FA-6356-4DD6-9B08-62B465FB5F36}.Release|Any CPU.ActiveCfg = Release|Any CPU
		{BF71C7FA-6356-4DD6-9B08-62B465FB5F36}.Release|Any CPU.Build.0 = Release|Any CPU
		{5F332D31-5ED3-429C-8FFD-376F239D1EC0}.Debug|Any CPU.ActiveCfg = Debug|Any CPU
		{5F332D31-5ED3-429C-8FFD-376F239D1EC0}.Debug|Any CPU.Build.0 = Debug|Any CPU
		{5F332D31-5ED3-429C-8FFD-376F239D1EC0}.Release|Any CPU.ActiveCfg = Release|Any CPU
		{5F332D31-5ED3-429C-8FFD-376F239D1EC0}.Release|Any CPU.Build.0 = Release|Any CPU
		{4EE3840D-6C1D-485D-B8FB-CACF5CDB1694}.Debug|Any CPU.ActiveCfg = Debug|Any CPU
		{4EE3840D-6C1D-485D-B8FB-CACF5CDB1694}.Debug|Any CPU.Build.0 = Debug|Any CPU
		{4EE3840D-6C1D-485D-B8FB-CACF5CDB1694}.Release|Any CPU.ActiveCfg = Release|Any CPU
		{4EE3840D-6C1D-485D-B8FB-CACF5CDB1694}.Release|Any CPU.Build.0 = Release|Any CPU
		{A13DD780-9E05-434F-9103-EA15FF72E4DF}.Debug|Any CPU.ActiveCfg = Debug|Any CPU
		{A13DD780-9E05-434F-9103-EA15FF72E4DF}.Debug|Any CPU.Build.0 = Debug|Any CPU
		{A13DD780-9E05-434F-9103-EA15FF72E4DF}.Release|Any CPU.ActiveCfg = Release|Any CPU
		{A13DD780-9E05-434F-9103-EA15FF72E4DF}.Release|Any CPU.Build.0 = Release|Any CPU
		{5F10ECB0-7FE6-43C7-9A99-B5FD0F40B652}.Debug|Any CPU.ActiveCfg = Debug|Any CPU
		{5F10ECB0-7FE6-43C7-9A99-B5FD0F40B652}.Debug|Any CPU.Build.0 = Debug|Any CPU
		{5F10ECB0-7FE6-43C7-9A99-B5FD0F40B652}.Release|Any CPU.ActiveCfg = Release|Any CPU
		{5F10ECB0-7FE6-43C7-9A99-B5FD0F40B652}.Release|Any CPU.Build.0 = Release|Any CPU
		{AEB5FCAC-BBB5-48F1-B949-7D87CD4D2FF0}.Debug|Any CPU.ActiveCfg = Debug|Any CPU
		{AEB5FCAC-BBB5-48F1-B949-7D87CD4D2FF0}.Debug|Any CPU.Build.0 = Debug|Any CPU
		{AEB5FCAC-BBB5-48F1-B949-7D87CD4D2FF0}.Release|Any CPU.ActiveCfg = Release|Any CPU
		{AEB5FCAC-BBB5-48F1-B949-7D87CD4D2FF0}.Release|Any CPU.Build.0 = Release|Any CPU
		{D49B0394-51D0-4E85-B494-2BAD79C02980}.Debug|Any CPU.ActiveCfg = Debug|Any CPU
		{D49B0394-51D0-4E85-B494-2BAD79C02980}.Debug|Any CPU.Build.0 = Debug|Any CPU
		{D49B0394-51D0-4E85-B494-2BAD79C02980}.Release|Any CPU.ActiveCfg = Release|Any CPU
		{D49B0394-51D0-4E85-B494-2BAD79C02980}.Release|Any CPU.Build.0 = Release|Any CPU
		{2F7821AE-3B05-4457-A761-B05AB91FBD41}.Debug|Any CPU.ActiveCfg = Debug|Any CPU
		{2F7821AE-3B05-4457-A761-B05AB91FBD41}.Debug|Any CPU.Build.0 = Debug|Any CPU
		{2F7821AE-3B05-4457-A761-B05AB91FBD41}.Release|Any CPU.ActiveCfg = Release|Any CPU
		{2F7821AE-3B05-4457-A761-B05AB91FBD41}.Release|Any CPU.Build.0 = Release|Any CPU
		{AB6F380C-6450-4FFB-AE61-6759120F0359}.Debug|Any CPU.ActiveCfg = Debug|Any CPU
		{AB6F380C-6450-4FFB-AE61-6759120F0359}.Debug|Any CPU.Build.0 = Debug|Any CPU
		{AB6F380C-6450-4FFB-AE61-6759120F0359}.Release|Any CPU.ActiveCfg = Release|Any CPU
		{AB6F380C-6450-4FFB-AE61-6759120F0359}.Release|Any CPU.Build.0 = Release|Any CPU
		{BF17D816-ABE2-4BBB-8767-3BDFB5E11AB3}.Debug|Any CPU.ActiveCfg = Debug|Any CPU
		{BF17D816-ABE2-4BBB-8767-3BDFB5E11AB3}.Debug|Any CPU.Build.0 = Debug|Any CPU
		{BF17D816-ABE2-4BBB-8767-3BDFB5E11AB3}.Release|Any CPU.ActiveCfg = Release|Any CPU
		{BF17D816-ABE2-4BBB-8767-3BDFB5E11AB3}.Release|Any CPU.Build.0 = Release|Any CPU
		{DA7EF365-2DC4-413D-9782-EEEBF9A29609}.Debug|Any CPU.ActiveCfg = Debug|Any CPU
		{DA7EF365-2DC4-413D-9782-EEEBF9A29609}.Debug|Any CPU.Build.0 = Debug|Any CPU
		{DA7EF365-2DC4-413D-9782-EEEBF9A29609}.Release|Any CPU.ActiveCfg = Release|Any CPU
		{DA7EF365-2DC4-413D-9782-EEEBF9A29609}.Release|Any CPU.Build.0 = Release|Any CPU
		{FC2BE8F2-85FA-4432-9229-E88FF9FF03FE}.Debug|Any CPU.ActiveCfg = Debug|Any CPU
		{FC2BE8F2-85FA-4432-9229-E88FF9FF03FE}.Debug|Any CPU.Build.0 = Debug|Any CPU
		{FC2BE8F2-85FA-4432-9229-E88FF9FF03FE}.Release|Any CPU.ActiveCfg = Release|Any CPU
		{FC2BE8F2-85FA-4432-9229-E88FF9FF03FE}.Release|Any CPU.Build.0 = Release|Any CPU
	EndGlobalSection
	GlobalSection(SolutionProperties) = preSolution
		HideSolutionNode = FALSE
	EndGlobalSection
EndGlobal
