
Microsoft Visual Studio Solution File, Format Version 12.00
# Visual Studio 15
VisualStudioVersion = 15.0.27130.2036
MinimumVisualStudioVersion = 10.0.40219.1
Project("{2150E333-8FDC-42A3-9474-1A3956D46DE8}") = "Shared", "Shared", "{D0A9A68F-2401-42E4-A6E7-D9FF9F080197}"
	ProjectSection(SolutionItems) = preProject
		..\appveyor.pr.yml = ..\appveyor.pr.yml
		..\appveyor.production.yml = ..\appveyor.production.yml
		..\appveyor.yml = ..\appveyor.yml
		Data.HashFunction.runsettings = Data.HashFunction.runsettings
		FriendAssemblies.cs = FriendAssemblies.cs
		SolutionInfo.cs = SolutionInfo.cs
	EndProjectSection
EndProject
Project("{2150E333-8FDC-42A3-9474-1A3956D46DE8}") = ".nuget", ".nuget", "{7889B206-313E-43CF-B4FD-8250275155C6}"
	ProjectSection(SolutionItems) = preProject
		.nuget\packages.config = .nuget\packages.config
	EndProjectSection
EndProject
Project("{2150E333-8FDC-42A3-9474-1A3956D46DE8}") = "build", "build", "{FED52411-2DD2-45DC-ADF9-CA07424CC074}"
	ProjectSection(SolutionItems) = preProject
		..\build\build-configuration.ps1 = ..\build\build-configuration.ps1
		..\build\build.ps1 = ..\build\build.ps1
		..\build\coverity.ps1 = ..\build\coverity.ps1
	EndProjectSection
EndProject
Project("{9A19103F-16F7-4668-BE54-9A1E7A4F7556}") = "OpenSource.Data.HashFunction.Interfaces", "OpenSource.Data.HashFunction.Interfaces\OpenSource.Data.HashFunction.Interfaces.csproj", "{58B4D4D3-90EC-4F34-8C8F-E57DABD859CF}"
EndProject
Project("{9A19103F-16F7-4668-BE54-9A1E7A4F7556}") = "OpenSource.Data.HashFunction.Core", "OpenSource.Data.HashFunction.Core\OpenSource.Data.HashFunction.Core.csproj", "{FCD2D38D-5A85-425E-952C-969A95395E1E}"
EndProject
Project("{9A19103F-16F7-4668-BE54-9A1E7A4F7556}") = "OpenSource.Data.HashFunction.BernsteinHash", "OpenSource.Data.HashFunction.BernsteinHash\OpenSource.Data.HashFunction.BernsteinHash.csproj", "{6BC9E1F2-B802-4ED9-92E6-E12C1D9840BC}"
EndProject
Project("{9A19103F-16F7-4668-BE54-9A1E7A4F7556}") = "OpenSource.Data.HashFunction.Blake2", "OpenSource.Data.HashFunction.Blake2\OpenSource.Data.HashFunction.Blake2.csproj", "{C41485CB-8446-4F3C-995E-A3121249A668}"
EndProject
Project("{9A19103F-16F7-4668-BE54-9A1E7A4F7556}") = "OpenSource.Data.HashFunction.BuzHash", "OpenSource.Data.HashFunction.BuzHash\OpenSource.Data.HashFunction.BuzHash.csproj", "{23BD0A7E-1B5A-49F6-B98D-B45CF5F6DE87}"
EndProject
Project("{9A19103F-16F7-4668-BE54-9A1E7A4F7556}") = "OpenSource.Data.HashFunction.CityHash", "OpenSource.Data.HashFunction.CityHash\OpenSource.Data.HashFunction.CityHash.csproj", "{7B02E48B-A8BD-4BA9-81D9-CF9D99E41863}"
EndProject
Project("{9A19103F-16F7-4668-BE54-9A1E7A4F7556}") = "OpenSource.Data.HashFunction.CRC", "OpenSource.Data.HashFunction.CRC\OpenSource.Data.HashFunction.CRC.csproj", "{430008BB-7973-40D6-87A5-36F9DE82854E}"
EndProject
Project("{9A19103F-16F7-4668-BE54-9A1E7A4F7556}") = "OpenSource.Data.HashFunction.ELF64", "OpenSource.Data.HashFunction.ELF64\OpenSource.Data.HashFunction.ELF64.csproj", "{5B210687-E8B4-4BC4-A65D-3E504212C207}"
EndProject
Project("{9A19103F-16F7-4668-BE54-9A1E7A4F7556}") = "OpenSource.Data.HashFunction.FNV", "OpenSource.Data.HashFunction.FNV\OpenSource.Data.HashFunction.FNV.csproj", "{B1C242A6-9A88-4BFC-A75E-F20E29F8F3D6}"
EndProject
Project("{9A19103F-16F7-4668-BE54-9A1E7A4F7556}") = "OpenSource.Data.HashFunction.Jenkins", "OpenSource.Data.HashFunction.Jenkins\OpenSource.Data.HashFunction.Jenkins.csproj", "{D93196A6-0525-4E49-81C8-29CB694E26B6}"
EndProject
Project("{9A19103F-16F7-4668-BE54-9A1E7A4F7556}") = "OpenSource.Data.HashFunction.MurmurHash", "OpenSource.Data.HashFunction.MurmurHash\OpenSource.Data.HashFunction.MurmurHash.csproj", "{51D02F05-0557-4586-8288-5FF95D89FD3E}"
EndProject
Project("{9A19103F-16F7-4668-BE54-9A1E7A4F7556}") = "OpenSource.Data.HashFunction.Pearson", "OpenSource.Data.HashFunction.Pearson\OpenSource.Data.HashFunction.Pearson.csproj", "{FB716555-104D-4F62-9A8F-DF915378B52F}"
EndProject
Project("{9A19103F-16F7-4668-BE54-9A1E7A4F7556}") = "OpenSource.Data.HashFunction.SpookyHash", "OpenSource.Data.HashFunction.SpookyHash\OpenSource.Data.HashFunction.SpookyHash.csproj", "{E3B6C41C-F55D-4980-9E12-00BAEF1D26F5}"
EndProject
Project("{9A19103F-16F7-4668-BE54-9A1E7A4F7556}") = "OpenSource.Data.HashFunction.Test", "OpenSource.Data.HashFunction.Test\OpenSource.Data.HashFunction.Test.csproj", "{CEC9E70A-A7A6-49B1-A10D-521FED0FD47D}"
EndProject
Project("{9A19103F-16F7-4668-BE54-9A1E7A4F7556}") = "OpenSource.Data.HashFunction.xxHash", "OpenSource.Data.HashFunction.xxHash\OpenSource.Data.HashFunction.xxHash.csproj", "{048E84BE-B266-453C-96B9-D4AAAD5ABF34}"
EndProject
Project("{9A19103F-16F7-4668-BE54-9A1E7A4F7556}") = "OpenSource.Data.HashFunction.HashAlgorithm", "OpenSource.Data.HashFunction.HashAlgorithm\OpenSource.Data.HashFunction.HashAlgorithm.csproj", "{89C43129-57DC-445C-9521-5C7A6011A878}"
EndProject
Project("{FAE04EC0-301F-11D3-BF4B-00C04F79EFBC}") = "OpenSource.Data.HashFunction.FarmHash", "OpenSource.Data.HashFunction.FarmHash\OpenSource.Data.HashFunction.FarmHash.csproj", "{62D94F50-2DDD-4F81-B4AF-9D1A53C1404C}"
EndProject
Project("{FAE04EC0-301F-11D3-BF4B-00C04F79EFBC}") = "OpenSource.Data.HashFunction.MetroHash", "OpenSource.Data.HashFunction.MetroHash\OpenSource.Data.HashFunction.MetroHash.csproj", "{F65860E9-DF4C-44F4-9AF0-3E8B2BC682FE}"
EndProject
Global
	GlobalSection(SolutionConfigurationPlatforms) = preSolution
		Debug|Any CPU = Debug|Any CPU
		Release|Any CPU = Release|Any CPU
	EndGlobalSection
	GlobalSection(ProjectConfigurationPlatforms) = postSolution
		{58B4D4D3-90EC-4F34-8C8F-E57DABD859CF}.Debug|Any CPU.ActiveCfg = Debug|Any CPU
		{58B4D4D3-90EC-4F34-8C8F-E57DABD859CF}.Debug|Any CPU.Build.0 = Debug|Any CPU
		{58B4D4D3-90EC-4F34-8C8F-E57DABD859CF}.Release|Any CPU.ActiveCfg = Release|Any CPU
		{58B4D4D3-90EC-4F34-8C8F-E57DABD859CF}.Release|Any CPU.Build.0 = Release|Any CPU
		{FCD2D38D-5A85-425E-952C-969A95395E1E}.Debug|Any CPU.ActiveCfg = Debug|Any CPU
		{FCD2D38D-5A85-425E-952C-969A95395E1E}.Debug|Any CPU.Build.0 = Debug|Any CPU
		{FCD2D38D-5A85-425E-952C-969A95395E1E}.Release|Any CPU.ActiveCfg = Release|Any CPU
		{FCD2D38D-5A85-425E-952C-969A95395E1E}.Release|Any CPU.Build.0 = Release|Any CPU
		{6BC9E1F2-B802-4ED9-92E6-E12C1D9840BC}.Debug|Any CPU.ActiveCfg = Debug|Any CPU
		{6BC9E1F2-B802-4ED9-92E6-E12C1D9840BC}.Debug|Any CPU.Build.0 = Debug|Any CPU
		{6BC9E1F2-B802-4ED9-92E6-E12C1D9840BC}.Release|Any CPU.ActiveCfg = Release|Any CPU
		{6BC9E1F2-B802-4ED9-92E6-E12C1D9840BC}.Release|Any CPU.Build.0 = Release|Any CPU
		{C41485CB-8446-4F3C-995E-A3121249A668}.Debug|Any CPU.ActiveCfg = Debug|Any CPU
		{C41485CB-8446-4F3C-995E-A3121249A668}.Debug|Any CPU.Build.0 = Debug|Any CPU
		{C41485CB-8446-4F3C-995E-A3121249A668}.Release|Any CPU.ActiveCfg = Release|Any CPU
		{C41485CB-8446-4F3C-995E-A3121249A668}.Release|Any CPU.Build.0 = Release|Any CPU
		{23BD0A7E-1B5A-49F6-B98D-B45CF5F6DE87}.Debug|Any CPU.ActiveCfg = Debug|Any CPU
		{23BD0A7E-1B5A-49F6-B98D-B45CF5F6DE87}.Debug|Any CPU.Build.0 = Debug|Any CPU
		{23BD0A7E-1B5A-49F6-B98D-B45CF5F6DE87}.Release|Any CPU.ActiveCfg = Release|Any CPU
		{23BD0A7E-1B5A-49F6-B98D-B45CF5F6DE87}.Release|Any CPU.Build.0 = Release|Any CPU
		{7B02E48B-A8BD-4BA9-81D9-CF9D99E41863}.Debug|Any CPU.ActiveCfg = Debug|Any CPU
		{7B02E48B-A8BD-4BA9-81D9-CF9D99E41863}.Debug|Any CPU.Build.0 = Debug|Any CPU
		{7B02E48B-A8BD-4BA9-81D9-CF9D99E41863}.Release|Any CPU.ActiveCfg = Release|Any CPU
		{7B02E48B-A8BD-4BA9-81D9-CF9D99E41863}.Release|Any CPU.Build.0 = Release|Any CPU
		{430008BB-7973-40D6-87A5-36F9DE82854E}.Debug|Any CPU.ActiveCfg = Debug|Any CPU
		{430008BB-7973-40D6-87A5-36F9DE82854E}.Debug|Any CPU.Build.0 = Debug|Any CPU
		{430008BB-7973-40D6-87A5-36F9DE82854E}.Release|Any CPU.ActiveCfg = Release|Any CPU
		{430008BB-7973-40D6-87A5-36F9DE82854E}.Release|Any CPU.Build.0 = Release|Any CPU
		{5B210687-E8B4-4BC4-A65D-3E504212C207}.Debug|Any CPU.ActiveCfg = Debug|Any CPU
		{5B210687-E8B4-4BC4-A65D-3E504212C207}.Debug|Any CPU.Build.0 = Debug|Any CPU
		{5B210687-E8B4-4BC4-A65D-3E504212C207}.Release|Any CPU.ActiveCfg = Release|Any CPU
		{5B210687-E8B4-4BC4-A65D-3E504212C207}.Release|Any CPU.Build.0 = Release|Any CPU
		{B1C242A6-9A88-4BFC-A75E-F20E29F8F3D6}.Debug|Any CPU.ActiveCfg = Debug|Any CPU
		{B1C242A6-9A88-4BFC-A75E-F20E29F8F3D6}.Debug|Any CPU.Build.0 = Debug|Any CPU
		{B1C242A6-9A88-4BFC-A75E-F20E29F8F3D6}.Release|Any CPU.ActiveCfg = Release|Any CPU
		{B1C242A6-9A88-4BFC-A75E-F20E29F8F3D6}.Release|Any CPU.Build.0 = Release|Any CPU
		{D93196A6-0525-4E49-81C8-29CB694E26B6}.Debug|Any CPU.ActiveCfg = Debug|Any CPU
		{D93196A6-0525-4E49-81C8-29CB694E26B6}.Debug|Any CPU.Build.0 = Debug|Any CPU
		{D93196A6-0525-4E49-81C8-29CB694E26B6}.Release|Any CPU.ActiveCfg = Release|Any CPU
		{D93196A6-0525-4E49-81C8-29CB694E26B6}.Release|Any CPU.Build.0 = Release|Any CPU
		{51D02F05-0557-4586-8288-5FF95D89FD3E}.Debug|Any CPU.ActiveCfg = Debug|Any CPU
		{51D02F05-0557-4586-8288-5FF95D89FD3E}.Debug|Any CPU.Build.0 = Debug|Any CPU
		{51D02F05-0557-4586-8288-5FF95D89FD3E}.Release|Any CPU.ActiveCfg = Release|Any CPU
		{51D02F05-0557-4586-8288-5FF95D89FD3E}.Release|Any CPU.Build.0 = Release|Any CPU
		{FB716555-104D-4F62-9A8F-DF915378B52F}.Debug|Any CPU.ActiveCfg = Debug|Any CPU
		{FB716555-104D-4F62-9A8F-DF915378B52F}.Debug|Any CPU.Build.0 = Debug|Any CPU
		{FB716555-104D-4F62-9A8F-DF915378B52F}.Release|Any CPU.ActiveCfg = Release|Any CPU
		{FB716555-104D-4F62-9A8F-DF915378B52F}.Release|Any CPU.Build.0 = Release|Any CPU
		{E3B6C41C-F55D-4980-9E12-00BAEF1D26F5}.Debug|Any CPU.ActiveCfg = Debug|Any CPU
		{E3B6C41C-F55D-4980-9E12-00BAEF1D26F5}.Debug|Any CPU.Build.0 = Debug|Any CPU
		{E3B6C41C-F55D-4980-9E12-00BAEF1D26F5}.Release|Any CPU.ActiveCfg = Release|Any CPU
		{E3B6C41C-F55D-4980-9E12-00BAEF1D26F5}.Release|Any CPU.Build.0 = Release|Any CPU
		{CEC9E70A-A7A6-49B1-A10D-521FED0FD47D}.Debug|Any CPU.ActiveCfg = Debug|Any CPU
		{CEC9E70A-A7A6-49B1-A10D-521FED0FD47D}.Debug|Any CPU.Build.0 = Debug|Any CPU
		{CEC9E70A-A7A6-49B1-A10D-521FED0FD47D}.Release|Any CPU.ActiveCfg = Release|Any CPU
		{048E84BE-B266-453C-96B9-D4AAAD5ABF34}.Debug|Any CPU.ActiveCfg = Debug|Any CPU
		{048E84BE-B266-453C-96B9-D4AAAD5ABF34}.Debug|Any CPU.Build.0 = Debug|Any CPU
		{048E84BE-B266-453C-96B9-D4AAAD5ABF34}.Release|Any CPU.ActiveCfg = Release|Any CPU
		{048E84BE-B266-453C-96B9-D4AAAD5ABF34}.Release|Any CPU.Build.0 = Release|Any CPU
		{89C43129-57DC-445C-9521-5C7A6011A878}.Debug|Any CPU.ActiveCfg = Debug|Any CPU
		{89C43129-57DC-445C-9521-5C7A6011A878}.Debug|Any CPU.Build.0 = Debug|Any CPU
		{89C43129-57DC-445C-9521-5C7A6011A878}.Release|Any CPU.ActiveCfg = Release|Any CPU
		{89C43129-57DC-445C-9521-5C7A6011A878}.Release|Any CPU.Build.0 = Release|Any CPU
		{62D94F50-2DDD-4F81-B4AF-9D1A53C1404C}.Debug|Any CPU.ActiveCfg = Debug|Any CPU
		{62D94F50-2DDD-4F81-B4AF-9D1A53C1404C}.Debug|Any CPU.Build.0 = Debug|Any CPU
		{62D94F50-2DDD-4F81-B4AF-9D1A53C1404C}.Release|Any CPU.ActiveCfg = Release|Any CPU
		{62D94F50-2DDD-4F81-B4AF-9D1A53C1404C}.Release|Any CPU.Build.0 = Release|Any CPU
		{F65860E9-DF4C-44F4-9AF0-3E8B2BC682FE}.Debug|Any CPU.ActiveCfg = Debug|Any CPU
		{F65860E9-DF4C-44F4-9AF0-3E8B2BC682FE}.Debug|Any CPU.Build.0 = Debug|Any CPU
		{F65860E9-DF4C-44F4-9AF0-3E8B2BC682FE}.Release|Any CPU.ActiveCfg = Release|Any CPU
		{F65860E9-DF4C-44F4-9AF0-3E8B2BC682FE}.Release|Any CPU.Build.0 = Release|Any CPU
	EndGlobalSection
	GlobalSection(SolutionProperties) = preSolution
		HideSolutionNode = FALSE
	EndGlobalSection
	GlobalSection(ExtensibilityGlobals) = postSolution
		SolutionGuid = {D43B17B3-DEDD-47AE-8A60-110FB3BE350A}
	EndGlobalSection
EndGlobal
